{
  "name": "my-app",
  "version": "0.1.0",
  "lockfileVersion": 1,
  "requires": true,
  "dependencies": {
    "@types/jest": {
      "version": "22.0.1",
      "resolved": "https://registry.npmjs.org/@types/jest/-/jest-22.0.1.tgz",
      "integrity": "sha512-EnHbIkYnKdvsWbR6uMlcpWS/fljyzbZvN2tHZwT80StJG1790XSkAHJiJ2IJMZyYtIDycNAwXg2O3lO4S7rHog==",
      "dev": true
    },
    "@types/node": {
      "version": "8.5.7",
      "resolved": "https://registry.npmjs.org/@types/node/-/node-8.5.7.tgz",
      "integrity": "sha512-+1ZfzGIq8Y3EV7hPF7bs3i+Gi2mqYOiEGGRxGYPrn+hTYLMmzg+/5TkMkCHiRtLB38XSNvr/43aQ9+cUq4BbBg==",
      "dev": true
    },
    "@types/react": {
      "version": "16.0.34",
      "resolved": "https://registry.npmjs.org/@types/react/-/react-16.0.34.tgz",
      "integrity": "sha512-Ee66fX2qMsDnDq7sPnDtq1bGoo479j6Fo1BlSnne+L5rp6ndzBUgz72+MRNuN56zg9uuteRCkJAMdDJEX2Uqig==",
      "dev": true
    },
    "@types/react-dom": {
      "version": "16.0.3",
      "resolved": "https://registry.npmjs.org/@types/react-dom/-/react-dom-16.0.3.tgz",
      "integrity": "sha512-xAvZiGhQlEhjStoKktoai8CelXVFBaSN6JX4vy1UQioRba3c2vum1TGzR0thHoEauZtIwzWg8mos0AHu2ne4jw==",
      "dev": true,
      "requires": {
        "@types/node": "8.5.7",
        "@types/react": "16.0.34"
      }
    },
    "bonsai": {
      "version": "0.4.2",
      "resolved": "https://registry.npmjs.org/bonsai/-/bonsai-0.4.2.tgz",
      "integrity": "sha1-h1oYqw950PGnMr8b79pdirJgPX0=",
      "requires": {
        "requirejs": "2.0.6"
      }
    },
    "requirejs": {
      "version": "2.0.6",
      "resolved": "https://registry.npmjs.org/requirejs/-/requirejs-2.0.6.tgz",
      "integrity": "sha1-vG3SRKpjgYXPY2mGkvc5p8idKWw="
    }
  }
}
